
Microsoft Visual Studio Solution File, Format Version 12.00
# Visual Studio 15
VisualStudioVersion = 15.0.26430.16
MinimumVisualStudioVersion = 10.0.40219.1
Project("{8BC9CEB8-8B4A-11D0-8D11-00A0C91BC942}") = "EFSM.Sample", "EFSM.Sample\EFSM.Sample.vcxproj", "{B3DCC3C7-67FB-4DDA-8814-D1D495DF7EE1}"
EndProject
Project("{FAE04EC0-301F-11D3-BF4B-00C04F79EFBC}") = "EFSM.Domain", "EFSM.Domain\EFSM.Domain.csproj", "{52981E93-1ED0-413D-8C9A-9BB23EF0C34C}"
EndProject
Project("{FAE04EC0-301F-11D3-BF4B-00C04F79EFBC}") = "EFSM.Generator", "EFSM.Generator\EFSM.Generator.csproj", "{0767C268-1A8C-4FEE-8727-888C83C6EF61}"
EndProject
Project("{FAE04EC0-301F-11D3-BF4B-00C04F79EFBC}") = "EFSM.Generator.Console", "EFSM.Generator.Console\EFSM.Generator.Console.csproj", "{F1E0BBA4-9E37-4726-8D97-C2FD2A72EABF}"
EndProject
Project("{FAE04EC0-301F-11D3-BF4B-00C04F79EFBC}") = "EFSM.Designer", "EFSM.Designer\EFSM.Designer.csproj", "{8FA15C9F-A7FB-462B-9DAD-BF51E33BE0A4}"
EndProject
Global
	GlobalSection(SolutionConfigurationPlatforms) = preSolution
		Debug|Any CPU = Debug|Any CPU
		Debug|x64 = Debug|x64
		Debug|x86 = Debug|x86
		Release|Any CPU = Release|Any CPU
		Release|x64 = Release|x64
		Release|x86 = Release|x86
	EndGlobalSection
	GlobalSection(ProjectConfigurationPlatforms) = postSolution
		{B3DCC3C7-67FB-4DDA-8814-D1D495DF7EE1}.Debug|Any CPU.ActiveCfg = Debug|Win32
		{B3DCC3C7-67FB-4DDA-8814-D1D495DF7EE1}.Debug|x64.ActiveCfg = Debug|x64
		{B3DCC3C7-67FB-4DDA-8814-D1D495DF7EE1}.Debug|x64.Build.0 = Debug|x64
		{B3DCC3C7-67FB-4DDA-8814-D1D495DF7EE1}.Debug|x86.ActiveCfg = Debug|Win32
		{B3DCC3C7-67FB-4DDA-8814-D1D495DF7EE1}.Debug|x86.Build.0 = Debug|Win32
		{B3DCC3C7-67FB-4DDA-8814-D1D495DF7EE1}.Release|Any CPU.ActiveCfg = Release|Win32
		{B3DCC3C7-67FB-4DDA-8814-D1D495DF7EE1}.Release|x64.ActiveCfg = Release|x64
		{B3DCC3C7-67FB-4DDA-8814-D1D495DF7EE1}.Release|x64.Build.0 = Release|x64
		{B3DCC3C7-67FB-4DDA-8814-D1D495DF7EE1}.Release|x86.ActiveCfg = Release|Win32
		{B3DCC3C7-67FB-4DDA-8814-D1D495DF7EE1}.Release|x86.Build.0 = Release|Win32
		{52981E93-1ED0-413D-8C9A-9BB23EF0C34C}.Debug|Any CPU.ActiveCfg = Debug|Any CPU
		{52981E93-1ED0-413D-8C9A-9BB23EF0C34C}.Debug|Any CPU.Build.0 = Debug|Any CPU
		{52981E93-1ED0-413D-8C9A-9BB23EF0C34C}.Debug|x64.ActiveCfg = Debug|Any CPU
		{52981E93-1ED0-413D-8C9A-9BB23EF0C34C}.Debug|x64.Build.0 = Debug|Any CPU
		{52981E93-1ED0-413D-8C9A-9BB23EF0C34C}.Debug|x86.ActiveCfg = Debug|Any CPU
		{52981E93-1ED0-413D-8C9A-9BB23EF0C34C}.Debug|x86.Build.0 = Debug|Any CPU
		{52981E93-1ED0-413D-8C9A-9BB23EF0C34C}.Release|Any CPU.ActiveCfg = Release|Any CPU
		{52981E93-1ED0-413D-8C9A-9BB23EF0C34C}.Release|Any CPU.Build.0 = Release|Any CPU
		{52981E93-1ED0-413D-8C9A-9BB23EF0C34C}.Release|x64.ActiveCfg = Release|Any CPU
		{52981E93-1ED0-413D-8C9A-9BB23EF0C34C}.Release|x64.Build.0 = Release|Any CPU
		{52981E93-1ED0-413D-8C9A-9BB23EF0C34C}.Release|x86.ActiveCfg = Release|Any CPU
		{52981E93-1ED0-413D-8C9A-9BB23EF0C34C}.Release|x86.Build.0 = Release|Any CPU
		{0767C268-1A8C-4FEE-8727-888C83C6EF61}.Debug|Any CPU.ActiveCfg = Debug|Any CPU
		{0767C268-1A8C-4FEE-8727-888C83C6EF61}.Debug|Any CPU.Build.0 = Debug|Any CPU
		{0767C268-1A8C-4FEE-8727-888C83C6EF61}.Debug|x64.ActiveCfg = Debug|Any CPU
		{0767C268-1A8C-4FEE-8727-888C83C6EF61}.Debug|x64.Build.0 = Debug|Any CPU
		{0767C268-1A8C-4FEE-8727-888C83C6EF61}.Debug|x86.ActiveCfg = Debug|Any CPU
		{0767C268-1A8C-4FEE-8727-888C83C6EF61}.Debug|x86.Build.0 = Debug|Any CPU
		{0767C268-1A8C-4FEE-8727-888C83C6EF61}.Release|Any CPU.ActiveCfg = Release|Any CPU
		{0767C268-1A8C-4FEE-8727-888C83C6EF61}.Release|Any CPU.Build.0 = Release|Any CPU
		{0767C268-1A8C-4FEE-8727-888C83C6EF61}.Release|x64.ActiveCfg = Release|Any CPU
		{0767C268-1A8C-4FEE-8727-888C83C6EF61}.Release|x64.Build.0 = Release|Any CPU
		{0767C268-1A8C-4FEE-8727-888C83C6EF61}.Release|x86.ActiveCfg = Release|Any CPU
		{0767C268-1A8C-4FEE-8727-888C83C6EF61}.Release|x86.Build.0 = Release|Any CPU
		{F1E0BBA4-9E37-4726-8D97-C2FD2A72EABF}.Debug|Any CPU.ActiveCfg = Debug|Any CPU
		{F1E0BBA4-9E37-4726-8D97-C2FD2A72EABF}.Debug|Any CPU.Build.0 = Debug|Any CPU
		{F1E0BBA4-9E37-4726-8D97-C2FD2A72EABF}.Debug|x64.ActiveCfg = Debug|Any CPU
		{F1E0BBA4-9E37-4726-8D97-C2FD2A72EABF}.Debug|x64.Build.0 = Debug|Any CPU
		{F1E0BBA4-9E37-4726-8D97-C2FD2A72EABF}.Debug|x86.ActiveCfg = Debug|Any CPU
		{F1E0BBA4-9E37-4726-8D97-C2FD2A72EABF}.Debug|x86.Build.0 = Debug|Any CPU
		{F1E0BBA4-9E37-4726-8D97-C2FD2A72EABF}.Release|Any CPU.ActiveCfg = Release|Any CPU
		{F1E0BBA4-9E37-4726-8D97-C2FD2A72EABF}.Release|Any CPU.Build.0 = Release|Any CPU
		{F1E0BBA4-9E37-4726-8D97-C2FD2A72EABF}.Release|x64.ActiveCfg = Release|Any CPU
		{F1E0BBA4-9E37-4726-8D97-C2FD2A72EABF}.Release|x64.Build.0 = Release|Any CPU
		{F1E0BBA4-9E37-4726-8D97-C2FD2A72EABF}.Release|x86.ActiveCfg = Release|Any CPU
		{F1E0BBA4-9E37-4726-8D97-C2FD2A72EABF}.Release|x86.Build.0 = Release|Any CPU
		{8FA15C9F-A7FB-462B-9DAD-BF51E33BE0A4}.Debug|Any CPU.ActiveCfg = Debug|Any CPU
		{8FA15C9F-A7FB-462B-9DAD-BF51E33BE0A4}.Debug|Any CPU.Build.0 = Debug|Any CPU
		{8FA15C9F-A7FB-462B-9DAD-BF51E33BE0A4}.Debug|x64.ActiveCfg = Debug|Any CPU
		{8FA15C9F-A7FB-462B-9DAD-BF51E33BE0A4}.Debug|x64.Build.0 = Debug|Any CPU
		{8FA15C9F-A7FB-462B-9DAD-BF51E33BE0A4}.Debug|x86.ActiveCfg = Debug|Any CPU
		{8FA15C9F-A7FB-462B-9DAD-BF51E33BE0A4}.Debug|x86.Build.0 = Debug|Any CPU
		{8FA15C9F-A7FB-462B-9DAD-BF51E33BE0A4}.Release|Any CPU.ActiveCfg = Release|Any CPU
		{8FA15C9F-A7FB-462B-9DAD-BF51E33BE0A4}.Release|Any CPU.Build.0 = Release|Any CPU
		{8FA15C9F-A7FB-462B-9DAD-BF51E33BE0A4}.Release|x64.ActiveCfg = Release|Any CPU
		{8FA15C9F-A7FB-462B-9DAD-BF51E33BE0A4}.Release|x64.Build.0 = Release|Any CPU
		{8FA15C9F-A7FB-462B-9DAD-BF51E33BE0A4}.Release|x86.ActiveCfg = Release|Any CPU
		{8FA15C9F-A7FB-462B-9DAD-BF51E33BE0A4}.Release|x86.Build.0 = Release|Any CPU
	EndGlobalSection
	GlobalSection(SolutionProperties) = preSolution
		HideSolutionNode = FALSE
	EndGlobalSection
EndGlobal
